
Microsoft Visual Studio Solution File, Format Version 12.00
# Visual Studio Version 16
VisualStudioVersion = 16.0.31402.337
MinimumVisualStudioVersion = 10.0.40219.1
Project("{FAE04EC0-301F-11D3-BF4B-00C04F79EFBC}") = "GGS", "GGS.csproj", "{06C1E527-D145-4527-96D4-8EEC89E2482A}"
EndProject
Global
	GlobalSection(SolutionConfigurationPlatforms) = preSolution
		Debug|Any CPU = Debug|Any CPU
		Release|Any CPU = Release|Any CPU
	EndGlobalSection
	GlobalSection(ProjectConfigurationPlatforms) = postSolution
		{06C1E527-D145-4527-96D4-8EEC89E2482A}.Debug|Any CPU.ActiveCfg = Debug|Any CPU
		{06C1E527-D145-4527-96D4-8EEC89E2482A}.Debug|Any CPU.Build.0 = Debug|Any CPU
		{06C1E527-D145-4527-96D4-8EEC89E2482A}.Release|Any CPU.ActiveCfg = Release|Any CPU
		{06C1E527-D145-4527-96D4-8EEC89E2482A}.Release|Any CPU.Build.0 = Release|Any CPU
	EndGlobalSection
	GlobalSection(SolutionProperties) = preSolution
		HideSolutionNode = FALSE
	EndGlobalSection
	GlobalSection(ExtensibilityGlobals) = postSolution
		SolutionGuid = {EC47B659-4860-4A78-A242-9C92020144A8}
	EndGlobalSection
EndGlobal
