
Microsoft Visual Studio Solution File, Format Version 12.00
# Visual Studio Version 16
VisualStudioVersion = 16.0.31424.327
MinimumVisualStudioVersion = 10.0.40219.1
Project("{9A19103F-16F7-4668-BE54-9A1E7A4F7556}") = "GirlGuidingScotland.API", "GirlGuidingScotland.API\GirlGuidingScotland.API.csproj", "{4B339518-A393-4F98-8DCF-2BC8544303C5}"
EndProject
Project("{FAE04EC0-301F-11D3-BF4B-00C04F79EFBC}") = "GirlGuidingScotland.DataAccess", "GirlGuidingScotland.DataAccess\GirlGuidingScotland.DataAccess.csproj", "{E12944C9-CEF7-43CF-9FDC-4983A1356F9C}"
EndProject
Project("{00D1A9C2-B5F0-4AF3-8072-F6C62B433612}") = "GirlGuidingScotland.Database", "GirlGuidingScotland.Database\GirlGuidingScotland.Database.sqlproj", "{1AB746FE-77D9-41F5-9AC8-2430ECE8EF94}"
EndProject
Global
	GlobalSection(SolutionConfigurationPlatforms) = preSolution
		Debug|Any CPU = Debug|Any CPU
		Release|Any CPU = Release|Any CPU
	EndGlobalSection
	GlobalSection(ProjectConfigurationPlatforms) = postSolution
		{4B339518-A393-4F98-8DCF-2BC8544303C5}.Debug|Any CPU.ActiveCfg = Debug|Any CPU
		{4B339518-A393-4F98-8DCF-2BC8544303C5}.Debug|Any CPU.Build.0 = Debug|Any CPU
		{4B339518-A393-4F98-8DCF-2BC8544303C5}.Release|Any CPU.ActiveCfg = Release|Any CPU
		{4B339518-A393-4F98-8DCF-2BC8544303C5}.Release|Any CPU.Build.0 = Release|Any CPU
		{E12944C9-CEF7-43CF-9FDC-4983A1356F9C}.Debug|Any CPU.ActiveCfg = Debug|Any CPU
		{E12944C9-CEF7-43CF-9FDC-4983A1356F9C}.Debug|Any CPU.Build.0 = Debug|Any CPU
		{E12944C9-CEF7-43CF-9FDC-4983A1356F9C}.Release|Any CPU.ActiveCfg = Release|Any CPU
		{E12944C9-CEF7-43CF-9FDC-4983A1356F9C}.Release|Any CPU.Build.0 = Release|Any CPU
		{1AB746FE-77D9-41F5-9AC8-2430ECE8EF94}.Debug|Any CPU.ActiveCfg = Debug|Any CPU
		{1AB746FE-77D9-41F5-9AC8-2430ECE8EF94}.Debug|Any CPU.Build.0 = Debug|Any CPU
		{1AB746FE-77D9-41F5-9AC8-2430ECE8EF94}.Debug|Any CPU.Deploy.0 = Debug|Any CPU
		{1AB746FE-77D9-41F5-9AC8-2430ECE8EF94}.Release|Any CPU.ActiveCfg = Release|Any CPU
		{1AB746FE-77D9-41F5-9AC8-2430ECE8EF94}.Release|Any CPU.Build.0 = Release|Any CPU
		{1AB746FE-77D9-41F5-9AC8-2430ECE8EF94}.Release|Any CPU.Deploy.0 = Release|Any CPU
	EndGlobalSection
	GlobalSection(SolutionProperties) = preSolution
		HideSolutionNode = FALSE
	EndGlobalSection
	GlobalSection(ExtensibilityGlobals) = postSolution
		SolutionGuid = {2A51E8E4-1150-4C23-BFF8-5570E36B5ADC}
	EndGlobalSection
EndGlobal
